
Microsoft Visual Studio Solution File, Format Version 12.00
# Visual Studio Version 17
VisualStudioVersion = 17.2.32616.157
MinimumVisualStudioVersion = 10.0.40219.1
Project("{FAE04EC0-301F-11D3-BF4B-00C04F79EFBC}") = "Solution 2", "Solution 2\Solution 2.csproj", "{B0C2F966-20E5-4664-AD10-62D5ED5DCBC9}"
EndProject
Project("{FAE04EC0-301F-11D3-BF4B-00C04F79EFBC}") = "Solution 3", "Solution 3\Solution 3.csproj", "{1B76AFAF-78BC-4011-9AF6-4395AB5341C6}"
EndProject
Project("{FAE04EC0-301F-11D3-BF4B-00C04F79EFBC}") = "Solution 1", "Solution 1\Solution 1.csproj", "{D8961DEF-E90F-4565-8E2E-98C6AE9567CF}"
EndProject
Global
	GlobalSection(SolutionConfigurationPlatforms) = preSolution
		Debug|Any CPU = Debug|Any CPU
		Release|Any CPU = Release|Any CPU
	EndGlobalSection
	GlobalSection(ProjectConfigurationPlatforms) = postSolution
		{B0C2F966-20E5-4664-AD10-62D5ED5DCBC9}.Debug|Any CPU.ActiveCfg = Debug|Any CPU
		{B0C2F966-20E5-4664-AD10-62D5ED5DCBC9}.Debug|Any CPU.Build.0 = Debug|Any CPU
		{B0C2F966-20E5-4664-AD10-62D5ED5DCBC9}.Release|Any CPU.ActiveCfg = Release|Any CPU
		{B0C2F966-20E5-4664-AD10-62D5ED5DCBC9}.Release|Any CPU.Build.0 = Release|Any CPU
		{1B76AFAF-78BC-4011-9AF6-4395AB5341C6}.Debug|Any CPU.ActiveCfg = Debug|Any CPU
		{1B76AFAF-78BC-4011-9AF6-4395AB5341C6}.Debug|Any CPU.Build.0 = Debug|Any CPU
		{1B76AFAF-78BC-4011-9AF6-4395AB5341C6}.Release|Any CPU.ActiveCfg = Release|Any CPU
		{1B76AFAF-78BC-4011-9AF6-4395AB5341C6}.Release|Any CPU.Build.0 = Release|Any CPU
		{D8961DEF-E90F-4565-8E2E-98C6AE9567CF}.Debug|Any CPU.ActiveCfg = Debug|Any CPU
		{D8961DEF-E90F-4565-8E2E-98C6AE9567CF}.Debug|Any CPU.Build.0 = Debug|Any CPU
		{D8961DEF-E90F-4565-8E2E-98C6AE9567CF}.Release|Any CPU.ActiveCfg = Release|Any CPU
		{D8961DEF-E90F-4565-8E2E-98C6AE9567CF}.Release|Any CPU.Build.0 = Release|Any CPU
	EndGlobalSection
	GlobalSection(SolutionProperties) = preSolution
		HideSolutionNode = FALSE
	EndGlobalSection
	GlobalSection(ExtensibilityGlobals) = postSolution
		SolutionGuid = {6D3F1252-2347-443F-8E7A-372085AF4F56}
	EndGlobalSection
EndGlobal
